
Microsoft Visual Studio Solution File, Format Version 12.00
# Visual Studio 15
VisualStudioVersion = 15.0.28307.572
MinimumVisualStudioVersion = 10.0.40219.1
Project("{FAE04EC0-301F-11D3-BF4B-00C04F79EFBC}") = "IPCalc", "IPCalc.csproj", "{C014A960-6B7B-4A6C-A5BA-F1854760A11C}"
EndProject
Global
	GlobalSection(SolutionConfigurationPlatforms) = preSolution
		Debug|Any CPU = Debug|Any CPU
		Release|Any CPU = Release|Any CPU
	EndGlobalSection
	GlobalSection(ProjectConfigurationPlatforms) = postSolution
		{C014A960-6B7B-4A6C-A5BA-F1854760A11C}.Debug|Any CPU.ActiveCfg = Debug|Any CPU
		{C014A960-6B7B-4A6C-A5BA-F1854760A11C}.Debug|Any CPU.Build.0 = Debug|Any CPU
		{C014A960-6B7B-4A6C-A5BA-F1854760A11C}.Release|Any CPU.ActiveCfg = Release|Any CPU
		{C014A960-6B7B-4A6C-A5BA-F1854760A11C}.Release|Any CPU.Build.0 = Release|Any CPU
	EndGlobalSection
	GlobalSection(SolutionProperties) = preSolution
		HideSolutionNode = FALSE
	EndGlobalSection
	GlobalSection(ExtensibilityGlobals) = postSolution
		SolutionGuid = {C9321362-A9C6-46AD-8A38-D8B17DAA785F}
	EndGlobalSection
EndGlobal
